
Microsoft Visual Studio Solution File, Format Version 12.00
# Visual Studio Version 16
VisualStudioVersion = 16.0.30621.155
MinimumVisualStudioVersion = 10.0.40219.1
Project("{FAE04EC0-301F-11D3-BF4B-00C04F79EFBC}") = "TestInterface3", "TestInterface3\TestInterface3.csproj", "{C0B4F599-E1E8-48FE-A109-BB7E11A5BB46}"
EndProject
Global
	GlobalSection(SolutionConfigurationPlatforms) = preSolution
		Debug|Any CPU = Debug|Any CPU
		Release|Any CPU = Release|Any CPU
	EndGlobalSection
	GlobalSection(ProjectConfigurationPlatforms) = postSolution
		{C0B4F599-E1E8-48FE-A109-BB7E11A5BB46}.Debug|Any CPU.ActiveCfg = Debug|Any CPU
		{C0B4F599-E1E8-48FE-A109-BB7E11A5BB46}.Debug|Any CPU.Build.0 = Debug|Any CPU
		{C0B4F599-E1E8-48FE-A109-BB7E11A5BB46}.Release|Any CPU.ActiveCfg = Release|Any CPU
		{C0B4F599-E1E8-48FE-A109-BB7E11A5BB46}.Release|Any CPU.Build.0 = Release|Any CPU
	EndGlobalSection
	GlobalSection(SolutionProperties) = preSolution
		HideSolutionNode = FALSE
	EndGlobalSection
	GlobalSection(ExtensibilityGlobals) = postSolution
		SolutionGuid = {94E1F045-62C2-476C-B999-89F981C906FD}
	EndGlobalSection
EndGlobal
